
Microsoft Visual Studio Solution File, Format Version 12.00
# Visual Studio Version 17
VisualStudioVersion = 17.7.34221.43
MinimumVisualStudioVersion = 10.0.40219.1
Project("{FAE04EC0-301F-11D3-BF4B-00C04F79EFBC}") = "AntonioPortfolio", "AntonioPortfolio\AntonioPortfolio.csproj", "{89DEA7E1-CADA-429E-ABCA-2692F0364D4C}"
EndProject
Project("{FAE04EC0-301F-11D3-BF4B-00C04F79EFBC}") = "PortfolioApi", "PortfolioApi\PortfolioApi.csproj", "{D0FDA55D-BF22-41A2-9EDB-F38278107A01}"
EndProject
Global
	GlobalSection(SolutionConfigurationPlatforms) = preSolution
		Debug|Any CPU = Debug|Any CPU
		Release|Any CPU = Release|Any CPU
	EndGlobalSection
	GlobalSection(ProjectConfigurationPlatforms) = postSolution
		{89DEA7E1-CADA-429E-ABCA-2692F0364D4C}.Debug|Any CPU.ActiveCfg = Debug|Any CPU
		{89DEA7E1-CADA-429E-ABCA-2692F0364D4C}.Debug|Any CPU.Build.0 = Debug|Any CPU
		{89DEA7E1-CADA-429E-ABCA-2692F0364D4C}.Release|Any CPU.ActiveCfg = Release|Any CPU
		{89DEA7E1-CADA-429E-ABCA-2692F0364D4C}.Release|Any CPU.Build.0 = Release|Any CPU
		{D0FDA55D-BF22-41A2-9EDB-F38278107A01}.Debug|Any CPU.ActiveCfg = Debug|Any CPU
		{D0FDA55D-BF22-41A2-9EDB-F38278107A01}.Debug|Any CPU.Build.0 = Debug|Any CPU
		{D0FDA55D-BF22-41A2-9EDB-F38278107A01}.Release|Any CPU.ActiveCfg = Release|Any CPU
		{D0FDA55D-BF22-41A2-9EDB-F38278107A01}.Release|Any CPU.Build.0 = Release|Any CPU
	EndGlobalSection
	GlobalSection(SolutionProperties) = preSolution
		HideSolutionNode = FALSE
	EndGlobalSection
	GlobalSection(ExtensibilityGlobals) = postSolution
		SolutionGuid = {B0CDC74F-C2C5-4233-8C67-F06ABCC9137A}
	EndGlobalSection
EndGlobal
